{
  "name": "static-block-init-issue",
  "version": "0.0.1",
  "lockfileVersion": 3,
  "requires": true,
  "packages": {
    "": {
      "name": "static-block-init-issue",
      "version": "0.0.1",
      "license": "MIT",
      "dependencies": {
        "esm-wallaby": "^3.2.31"
      }
    },
    "node_modules/esm-wallaby": {
      "version": "3.2.31",
      "resolved": "https://registry.npmjs.org/esm-wallaby/-/esm-wallaby-3.2.31.tgz",
      "integrity": "sha512-z7iYMJ20WAv5mDebX0umwN7xp3fjKHn3uBbXDkfC2/tkLmNVANJJIkcN2y7Q1tP5FvDiPcJ4NBQqjNGg8IUnSQ==",
      "engines": {
        "node": ">=6"
      }
    }
  }
}
